Microsoft Visual Studio Solution File, Format Version 12.00
# Visual Studio Version 17
VisualStudioVersion = 17.5.2.0
MinimumVisualStudioVersion = 10.0.40219.1
Project("{FAE04EC0-301F-11D3-BF4B-00C04F79EFBC}") = "m165-15", "m165-15\m165-15.csproj", "{E8503677-3BE0-CEFE-5D57-22B6E4DC07F5}"
EndProject
Global
	GlobalSection(SolutionConfigurationPlatforms) = preSolution
		Debug|Any CPU = Debug|Any CPU
		Release|Any CPU = Release|Any CPU
	EndGlobalSection
	GlobalSection(ProjectConfigurationPlatforms) = postSolution
		{E8503677-3BE0-CEFE-5D57-22B6E4DC07F5}.Debug|Any CPU.ActiveCfg = Debug|Any CPU
		{E8503677-3BE0-CEFE-5D57-22B6E4DC07F5}.Debug|Any CPU.Build.0 = Debug|Any CPU
		{E8503677-3BE0-CEFE-5D57-22B6E4DC07F5}.Release|Any CPU.ActiveCfg = Release|Any CPU
		{E8503677-3BE0-CEFE-5D57-22B6E4DC07F5}.Release|Any CPU.Build.0 = Release|Any CPU
	EndGlobalSection
	GlobalSection(SolutionProperties) = preSolution
		HideSolutionNode = FALSE
	EndGlobalSection
	GlobalSection(ExtensibilityGlobals) = postSolution
		SolutionGuid = {7825B49A-38E9-4314-81F8-896A7A35F201}
	EndGlobalSection
EndGlobal
